// !$*UTF8*$!
{
	archiveVersion = 1;
	classes = {
	};
	objectVersion = 56;
	objects = {

/* Begin PBXBuildFile section */
		11D8AA558F52B30AF518E486 /* CelebrationView.swift in Sources */ = {isa = PBXBuildFile; fileRef = BF29220AC09F0891CEB6AB35 /* CelebrationView.swift */; };
		2C39EA064CA44DB6C72C3D4B /* ReadyView.swift in Sources */ = {isa = PBXBuildFile; fileRef = 861A0DBCDD64D82FB69AD82C /* ReadyView.swift */; };
		77175DD62F2945D6004382CE /* intro.png in Resources */ = {isa = PBXBuildFile; fileRef = 77175DD32F2945D5004382CE /* intro.png */; };
		77175DD72F2945D6004382CE /* connect-joycon.png in Resources */ = {isa = PBXBuildFile; fileRef = 77175DD22F2945D5004382CE /* connect-joycon.png */; };
		77175DD82F2945D6004382CE /* pair-joycon.png in Resources */ = {isa = PBXBuildFile; fileRef = 77175DD42F2945D5004382CE /* pair-joycon.png */; };
		77175DDA2F2958E1004382CE /* ringcon2.scn in Resources */ = {isa = PBXBuildFile; fileRef = 77175DD92F2958E1004382CE /* ringcon2.scn */; };
		772504942F275AE1001018CC /* texture_pbr_20250901.png in Resources */ = {isa = PBXBuildFile; fileRef = 772504932F275AE1001018CC /* texture_pbr_20250901.png */; };
		7745DB722F28B40E00FE3857 /* AppColors.swift in Sources */ = {isa = PBXBuildFile; fileRef = 7745DB702F28B40E00FE3857 /* AppColors.swift */; };
		AAA00001 /* RingBreakApp.swift in Sources */ = {isa = PBXBuildFile; fileRef = AAA00011 /* RingBreakApp.swift */; };
		AAA00002 /* ContentView.swift in Sources */ = {isa = PBXBuildFile; fileRef = AAA00012 /* ContentView.swift */; };
		AAA00003 /* Assets.xcassets in Resources */ = {isa = PBXBuildFile; fileRef = AAA00013 /* Assets.xcassets */; };
		AAA00004 /* IOKit.framework in Frameworks */ = {isa = PBXBuildFile; fileRef = AAA00021 /* IOKit.framework */; };
		AAA00005 /* IOBluetooth.framework in Frameworks */ = {isa = PBXBuildFile; fileRef = AAA00022 /* IOBluetooth.framework */; };
		AAA00006 /* RingConManager.swift in Sources */ = {isa = PBXBuildFile; fileRef = AAA00031 /* RingConManager.swift */; };
		AAA00007 /* JoyConHID.swift in Sources */ = {isa = PBXBuildFile; fileRef = AAA00032 /* JoyConHID.swift */; };
		AAA00008 /* MCUProtocol.swift in Sources */ = {isa = PBXBuildFile; fileRef = AAA00033 /* MCUProtocol.swift */; };
		AAA00009 /* RingConState.swift in Sources */ = {isa = PBXBuildFile; fileRef = AAA00034 /* RingConState.swift */; };
		AAA0000D /* SettingsView.swift in Sources */ = {isa = PBXBuildFile; fileRef = AAA00044 /* SettingsView.swift */; };
		AAA0000F /* ConnectionStatus.swift in Sources */ = {isa = PBXBuildFile; fileRef = AAA00052 /* ConnectionStatus.swift */; };
		BDDDC60B593CEA40AA16D209 /* NotConnectedView.swift in Sources */ = {isa = PBXBuildFile; fileRef = F6E191D989549D7EF0F04840 /* NotConnectedView.swift */; };
		CCC00001 /* DebugLogger.swift in Sources */ = {isa = PBXBuildFile; fileRef = CCC00011 /* DebugLogger.swift */; };
		DD2DCA9094930A0DC2F11153 /* ExerciseView.swift in Sources */ = {isa = PBXBuildFile; fileRef = 6DA129260DC042FB1F0121C5 /* ExerciseView.swift */; };
		DDD00001 /* CalibrationView.swift in Sources */ = {isa = PBXBuildFile; fileRef = AAA00054 /* CalibrationView.swift */; };
		FFF00001 /* RingConSceneView.swift in Sources */ = {isa = PBXBuildFile; fileRef = FFF00002 /* RingConSceneView.swift */; };
		GGG00001 /* BreakGameState.swift in Sources */ = {isa = PBXBuildFile; fileRef = GGG00002 /* BreakGameState.swift */; };
		GGG00003 /* RingBreakView.swift in Sources */ = {isa = PBXBuildFile; fileRef = GGG00004 /* RingBreakView.swift */; };
		HHH00001 /* StreakGraphView.swift in Sources */ = {isa = PBXBuildFile; fileRef = HHH00002 /* StreakGraphView.swift */; };
		III00001 /* RingBreakLogo.swift in Sources */ = {isa = PBXBuildFile; fileRef = III00002 /* RingBreakLogo.swift */; };
		KKK00001 /* ring-break-logo-dark.png in Resources */ = {isa = PBXBuildFile; fileRef = KKK00002 /* ring-break-logo-dark.png */; };
		KKK00003 /* ring-break-logo-light.png in Resources */ = {isa = PBXBuildFile; fileRef = KKK00004 /* ring-break-logo-light.png */; };
		LLL00001 /* MenubarController.swift in Sources */ = {isa = PBXBuildFile; fileRef = LLL00002 /* MenubarController.swift */; };
		LLL00003 /* NotificationService.swift in Sources */ = {isa = PBXBuildFile; fileRef = LLL00004 /* NotificationService.swift */; };
		LLL00005 /* OnboardingView.swift in Sources */ = {isa = PBXBuildFile; fileRef = LLL00006 /* OnboardingView.swift */; };
		MMM00001 /* UserDefaultsKeys.swift in Sources */ = {isa = PBXBuildFile; fileRef = MMM00002 /* UserDefaultsKeys.swift */; };
		MMM00003 /* Constants.swift in Sources */ = {isa = PBXBuildFile; fileRef = MMM00004 /* Constants.swift */; };
/* End PBXBuildFile section */

/* Begin PBXFileReference section */
		6DA129260DC042FB1F0121C5 /* ExerciseView.swift */ = {isa = PBXFileReference; includeInIndex = 1; lastKnownFileType = sourcecode.swift; path = ExerciseView.swift; sourceTree = "<group>"; };
		77175DD22F2945D5004382CE /* connect-joycon.png */ = {isa = PBXFileReference; lastKnownFileType = image.png; path = "connect-joycon.png"; sourceTree = "<group>"; };
		77175DD32F2945D5004382CE /* intro.png */ = {isa = PBXFileReference; lastKnownFileType = image.png; path = intro.png; sourceTree = "<group>"; };
		77175DD42F2945D5004382CE /* pair-joycon.png */ = {isa = PBXFileReference; lastKnownFileType = image.png; path = "pair-joycon.png"; sourceTree = "<group>"; };
		77175DD92F2958E1004382CE /* ringcon2.scn */ = {isa = PBXFileReference; lastKnownFileType = file.bplist; path = ringcon2.scn; sourceTree = "<group>"; };
		772504932F275AE1001018CC /* texture_pbr_20250901.png */ = {isa = PBXFileReference; lastKnownFileType = image.png; path = texture_pbr_20250901.png; sourceTree = "<group>"; };
		7745DB702F28B40E00FE3857 /* AppColors.swift */ = {isa = PBXFileReference; lastKnownFileType = sourcecode.swift; path = AppColors.swift; sourceTree = "<group>"; };
		861A0DBCDD64D82FB69AD82C /* ReadyView.swift */ = {isa = PBXFileReference; includeInIndex = 1; lastKnownFileType = sourcecode.swift; path = ReadyView.swift; sourceTree = "<group>"; };
		AAA00000 /* RingBreak.app */ = {isa = PBXFileReference; explicitFileType = wrapper.application; includeInIndex = 0; path = RingBreak.app; sourceTree = BUILT_PRODUCTS_DIR; };
		AAA00011 /* RingBreakApp.swift */ = {isa = PBXFileReference; lastKnownFileType = sourcecode.swift; path = RingBreakApp.swift; sourceTree = "<group>"; };
		AAA00012 /* ContentView.swift */ = {isa = PBXFileReference; lastKnownFileType = sourcecode.swift; path = ContentView.swift; sourceTree = "<group>"; };
		AAA00013 /* Assets.xcassets */ = {isa = PBXFileReference; lastKnownFileType = folder.assetcatalog; path = Assets.xcassets; sourceTree = "<group>"; };
		AAA00014 /* RingBreak.entitlements */ = {isa = PBXFileReference; lastKnownFileType = text.plist.entitlements; path = RingBreak.entitlements; sourceTree = "<group>"; };
		AAA00015 /* Info.plist */ = {isa = PBXFileReference; lastKnownFileType = text.plist.xml; path = Info.plist; sourceTree = "<group>"; };
		AAA00021 /* IOKit.framework */ = {isa = PBXFileReference; lastKnownFileType = wrapper.framework; name = IOKit.framework; path = System/Library/Frameworks/IOKit.framework; sourceTree = SDKROOT; };
		AAA00022 /* IOBluetooth.framework */ = {isa = PBXFileReference; lastKnownFileType = wrapper.framework; name = IOBluetooth.framework; path = System/Library/Frameworks/IOBluetooth.framework; sourceTree = SDKROOT; };
		AAA00031 /* RingConManager.swift */ = {isa = PBXFileReference; lastKnownFileType = sourcecode.swift; path = RingConManager.swift; sourceTree = "<group>"; };
		AAA00032 /* JoyConHID.swift */ = {isa = PBXFileReference; lastKnownFileType = sourcecode.swift; path = JoyConHID.swift; sourceTree = "<group>"; };
		AAA00033 /* MCUProtocol.swift */ = {isa = PBXFileReference; lastKnownFileType = sourcecode.swift; path = MCUProtocol.swift; sourceTree = "<group>"; };
		AAA00034 /* RingConState.swift */ = {isa = PBXFileReference; lastKnownFileType = sourcecode.swift; path = RingConState.swift; sourceTree = "<group>"; };
		AAA00044 /* SettingsView.swift */ = {isa = PBXFileReference; lastKnownFileType = sourcecode.swift; path = SettingsView.swift; sourceTree = "<group>"; };
		AAA00052 /* ConnectionStatus.swift */ = {isa = PBXFileReference; lastKnownFileType = sourcecode.swift; path = ConnectionStatus.swift; sourceTree = "<group>"; };
		AAA00054 /* CalibrationView.swift */ = {isa = PBXFileReference; lastKnownFileType = sourcecode.swift; path = CalibrationView.swift; sourceTree = "<group>"; };
		BF29220AC09F0891CEB6AB35 /* CelebrationView.swift */ = {isa = PBXFileReference; includeInIndex = 1; lastKnownFileType = sourcecode.swift; path = CelebrationView.swift; sourceTree = "<group>"; };
		CCC00011 /* DebugLogger.swift */ = {isa = PBXFileReference; lastKnownFileType = sourcecode.swift; path = DebugLogger.swift; sourceTree = "<group>"; };
		F6E191D989549D7EF0F04840 /* NotConnectedView.swift */ = {isa = PBXFileReference; includeInIndex = 1; lastKnownFileType = sourcecode.swift; path = NotConnectedView.swift; sourceTree = "<group>"; };
		FFF00002 /* RingConSceneView.swift */ = {isa = PBXFileReference; lastKnownFileType = sourcecode.swift; path = RingConSceneView.swift; sourceTree = "<group>"; };
		GGG00002 /* BreakGameState.swift */ = {isa = PBXFileReference; lastKnownFileType = sourcecode.swift; path = BreakGameState.swift; sourceTree = "<group>"; };
		GGG00004 /* RingBreakView.swift */ = {isa = PBXFileReference; lastKnownFileType = sourcecode.swift; path = RingBreakView.swift; sourceTree = "<group>"; };
		HHH00002 /* StreakGraphView.swift */ = {isa = PBXFileReference; lastKnownFileType = sourcecode.swift; path = StreakGraphView.swift; sourceTree = "<group>"; };
		III00002 /* RingBreakLogo.swift */ = {isa = PBXFileReference; lastKnownFileType = sourcecode.swift; path = RingBreakLogo.swift; sourceTree = "<group>"; };
		KKK00002 /* ring-break-logo-dark.png */ = {isa = PBXFileReference; lastKnownFileType = image.png; path = "ring-break-logo-dark.png"; sourceTree = "<group>"; };
		KKK00004 /* ring-break-logo-light.png */ = {isa = PBXFileReference; lastKnownFileType = image.png; path = "ring-break-logo-light.png"; sourceTree = "<group>"; };
		LLL00002 /* MenubarController.swift */ = {isa = PBXFileReference; lastKnownFileType = sourcecode.swift; path = MenubarController.swift; sourceTree = "<group>"; };
		LLL00004 /* NotificationService.swift */ = {isa = PBXFileReference; lastKnownFileType = sourcecode.swift; path = NotificationService.swift; sourceTree = "<group>"; };
		LLL00006 /* OnboardingView.swift */ = {isa = PBXFileReference; lastKnownFileType = sourcecode.swift; path = OnboardingView.swift; sourceTree = "<group>"; };
		MMM00002 /* UserDefaultsKeys.swift */ = {isa = PBXFileReference; lastKnownFileType = sourcecode.swift; path = UserDefaultsKeys.swift; sourceTree = "<group>"; };
		MMM00004 /* Constants.swift */ = {isa = PBXFileReference; lastKnownFileType = sourcecode.swift; path = Constants.swift; sourceTree = "<group>"; };
/* End PBXFileReference section */

/* Begin PBXFrameworksBuildPhase section */
		AAA00060 /* Frameworks */ = {
			isa = PBXFrameworksBuildPhase;
			buildActionMask = 2147483647;
			files = (
				AAA00004 /* IOKit.framework in Frameworks */,
				AAA00005 /* IOBluetooth.framework in Frameworks */,
			);
			runOnlyForDeploymentPostprocessing = 0;
		};
/* End PBXFrameworksBuildPhase section */

/* Begin PBXGroup section */
		77175DD52F2945D5004382CE /* Onboarding */ = {
			isa = PBXGroup;
			children = (
				77175DD22F2945D5004382CE /* connect-joycon.png */,
				77175DD32F2945D5004382CE /* intro.png */,
				77175DD42F2945D5004382CE /* pair-joycon.png */,
			);
			path = Onboarding;
			sourceTree = "<group>";
		};
		7745DB712F28B40E00FE3857 /* Theme */ = {
			isa = PBXGroup;
			children = (
				7745DB702F28B40E00FE3857 /* AppColors.swift */,
			);
			path = Theme;
			sourceTree = "<group>";
		};
		AAA00070 = {
			isa = PBXGroup;
			children = (
				AAA00080 /* RingBreak */,
				AAA00090 /* Frameworks */,
				AAA000A0 /* Products */,
			);
			sourceTree = "<group>";
		};
		AAA00080 /* RingBreak */ = {
			isa = PBXGroup;
			children = (
				7745DB712F28B40E00FE3857 /* Theme */,
				AAA00011 /* RingBreakApp.swift */,
				AAA00012 /* ContentView.swift */,
				AAA00014 /* RingBreak.entitlements */,
				AAA00015 /* Info.plist */,
				AAA00081 /* RingConDriver */,
				LLL00010 /* App */,
				LLL00020 /* Services */,
				GGG00005 /* Game */,
				AAA00082 /* Views */,
				AAA00083 /* Components */,
				AAA00084 /* Resources */,
			);
			path = RingBreak;
			sourceTree = "<group>";
		};
		AAA00081 /* RingConDriver */ = {
			isa = PBXGroup;
			children = (
				AAA00031 /* RingConManager.swift */,
				AAA00032 /* JoyConHID.swift */,
				AAA00033 /* MCUProtocol.swift */,
				AAA00034 /* RingConState.swift */,
				CCC00011 /* DebugLogger.swift */,
			);
			path = RingConDriver;
			sourceTree = "<group>";
		};
		AAA00082 /* Views */ = {
			isa = PBXGroup;
			children = (
				AAA00044 /* SettingsView.swift */,
				AAA00054 /* CalibrationView.swift */,
				GGG00004 /* RingBreakView.swift */,
				HHH00002 /* StreakGraphView.swift */,
				LLL00006 /* OnboardingView.swift */,
				F6E191D989549D7EF0F04840 /* NotConnectedView.swift */,
				861A0DBCDD64D82FB69AD82C /* ReadyView.swift */,
				6DA129260DC042FB1F0121C5 /* ExerciseView.swift */,
				BF29220AC09F0891CEB6AB35 /* CelebrationView.swift */,
			);
			path = Views;
			sourceTree = "<group>";
		};
		AAA00083 /* Components */ = {
			isa = PBXGroup;
			children = (
				AAA00052 /* ConnectionStatus.swift */,
				FFF00002 /* RingConSceneView.swift */,
				III00002 /* RingBreakLogo.swift */,
			);
			path = Components;
			sourceTree = "<group>";
		};
		AAA00084 /* Resources */ = {
			isa = PBXGroup;
			children = (
				77175DD92F2958E1004382CE /* ringcon2.scn */,
				77175DD52F2945D5004382CE /* Onboarding */,
				AAA00013 /* Assets.xcassets */,
				772504932F275AE1001018CC /* texture_pbr_20250901.png */,
				KKK00002 /* ring-break-logo-dark.png */,
				KKK00004 /* ring-break-logo-light.png */,
			);
			path = Resources;
			sourceTree = "<group>";
		};
		AAA00090 /* Frameworks */ = {
			isa = PBXGroup;
			children = (
				AAA00021 /* IOKit.framework */,
				AAA00022 /* IOBluetooth.framework */,
			);
			name = Frameworks;
			sourceTree = "<group>";
		};
		AAA000A0 /* Products */ = {
			isa = PBXGroup;
			children = (
				AAA00000 /* RingBreak.app */,
			);
			name = Products;
			sourceTree = "<group>";
		};
		GGG00005 /* Game */ = {
			isa = PBXGroup;
			children = (
				GGG00002 /* BreakGameState.swift */,
			);
			path = Game;
			sourceTree = "<group>";
		};
		LLL00010 /* App */ = {
			isa = PBXGroup;
			children = (
				LLL00002 /* MenubarController.swift */,
				MMM00002 /* UserDefaultsKeys.swift */,
				MMM00004 /* Constants.swift */,
			);
			path = App;
			sourceTree = "<group>";
		};
		LLL00020 /* Services */ = {
			isa = PBXGroup;
			children = (
				LLL00004 /* NotificationService.swift */,
			);
			path = Services;
			sourceTree = "<group>";
		};
/* End PBXGroup section */

/* Begin PBXNativeTarget section */
		AAA000B0 /* RingBreak */ = {
			isa = PBXNativeTarget;
			buildConfigurationList = AAA000C0 /* Build configuration list for PBXNativeTarget "RingBreak" */;
			buildPhases = (
				AAA000D0 /* Sources */,
				AAA00060 /* Frameworks */,
				AAA000E0 /* Resources */,
			);
			buildRules = (
			);
			dependencies = (
			);
			name = RingBreak;
			productName = RingBreak;
			productReference = AAA00000 /* RingBreak.app */;
			productType = "com.apple.product-type.application";
		};
/* End PBXNativeTarget section */

/* Begin PBXProject section */
		AAA000F0 /* Project object */ = {
			isa = PBXProject;
			attributes = {
				BuildIndependentTargetsInParallel = 1;
				LastSwiftUpdateCheck = 1500;
				LastUpgradeCheck = 2610;
				TargetAttributes = {
					AAA000B0 = {
						CreatedOnToolsVersion = 15.0;
					};
				};
			};
			buildConfigurationList = AAA00100 /* Build configuration list for PBXProject "RingBreak" */;
			compatibilityVersion = "Xcode 14.0";
			developmentRegion = en;
			hasScannedForEncodings = 0;
			knownRegions = (
				en,
				Base,
			);
			mainGroup = AAA00070;
			productRefGroup = AAA000A0 /* Products */;
			projectDirPath = "";
			projectRoot = "";
			targets = (
				AAA000B0 /* RingBreak */,
			);
		};
/* End PBXProject section */

/* Begin PBXResourcesBuildPhase section */
		AAA000E0 /* Resources */ = {
			isa = PBXResourcesBuildPhase;
			buildActionMask = 2147483647;
			files = (
				AAA00003 /* Assets.xcassets in Resources */,
				77175DD62F2945D6004382CE /* intro.png in Resources */,
				77175DD72F2945D6004382CE /* connect-joycon.png in Resources */,
				77175DD82F2945D6004382CE /* pair-joycon.png in Resources */,
				772504942F275AE1001018CC /* texture_pbr_20250901.png in Resources */,
				77175DDA2F2958E1004382CE /* ringcon2.scn in Resources */,
				KKK00001 /* ring-break-logo-dark.png in Resources */,
				KKK00003 /* ring-break-logo-light.png in Resources */,
			);
			runOnlyForDeploymentPostprocessing = 0;
		};
/* End PBXResourcesBuildPhase section */

/* Begin PBXSourcesBuildPhase section */
		AAA000D0 /* Sources */ = {
			isa = PBXSourcesBuildPhase;
			buildActionMask = 2147483647;
			files = (
				AAA00001 /* RingBreakApp.swift in Sources */,
				AAA00002 /* ContentView.swift in Sources */,
				AAA00006 /* RingConManager.swift in Sources */,
				AAA00007 /* JoyConHID.swift in Sources */,
				AAA00008 /* MCUProtocol.swift in Sources */,
				AAA00009 /* RingConState.swift in Sources */,
				AAA0000D /* SettingsView.swift in Sources */,
				AAA0000F /* ConnectionStatus.swift in Sources */,
				DDD00001 /* CalibrationView.swift in Sources */,
				7745DB722F28B40E00FE3857 /* AppColors.swift in Sources */,
				CCC00001 /* DebugLogger.swift in Sources */,
				FFF00001 /* RingConSceneView.swift in Sources */,
				GGG00001 /* BreakGameState.swift in Sources */,
				GGG00003 /* RingBreakView.swift in Sources */,
				HHH00001 /* StreakGraphView.swift in Sources */,
				III00001 /* RingBreakLogo.swift in Sources */,
				LLL00001 /* MenubarController.swift in Sources */,
				LLL00003 /* NotificationService.swift in Sources */,
				LLL00005 /* OnboardingView.swift in Sources */,
				MMM00001 /* UserDefaultsKeys.swift in Sources */,
				MMM00003 /* Constants.swift in Sources */,
				BDDDC60B593CEA40AA16D209 /* NotConnectedView.swift in Sources */,
				2C39EA064CA44DB6C72C3D4B /* ReadyView.swift in Sources */,
				DD2DCA9094930A0DC2F11153 /* ExerciseView.swift in Sources */,
				11D8AA558F52B30AF518E486 /* CelebrationView.swift in Sources */,
			);
			runOnlyForDeploymentPostprocessing = 0;
		};
/* End PBXSourcesBuildPhase section */

/* Begin XCBuildConfiguration section */
		AAA00110 /* Debug */ = {
			isa = XCBuildConfiguration;
			buildSettings = {
				ALWAYS_SEARCH_USER_PATHS = NO;
				ASSETCATALOG_COMPILER_GENERATE_SWIFT_ASSET_SYMBOL_EXTENSIONS = YES;
				CLANG_ANALYZER_NONNULL = YES;
				CLANG_ANALYZER_NUMBER_OBJECT_CONVERSION = YES_AGGRESSIVE;
				CLANG_CXX_LANGUAGE_STANDARD = "gnu++20";
				CLANG_ENABLE_MODULES = YES;
				CLANG_ENABLE_OBJC_ARC = YES;
				CLANG_ENABLE_OBJC_WEAK = YES;
				CLANG_WARN_BLOCK_CAPTURE_AUTORELEASING = YES;
				CLANG_WARN_BOOL_CONVERSION = YES;
				CLANG_WARN_COMMA = YES;
				CLANG_WARN_CONSTANT_CONVERSION = YES;
				CLANG_WARN_DEPRECATED_OBJC_IMPLEMENTATIONS = YES;
				CLANG_WARN_DIRECT_OBJC_ISA_USAGE = YES_ERROR;
				CLANG_WARN_DOCUMENTATION_COMMENTS = YES;
				CLANG_WARN_EMPTY_BODY = YES;
				CLANG_WARN_ENUM_CONVERSION = YES;
				CLANG_WARN_INFINITE_RECURSION = YES;
				CLANG_WARN_INT_CONVERSION = YES;
				CLANG_WARN_NON_LITERAL_NULL_CONVERSION = YES;
				CLANG_WARN_OBJC_IMPLICIT_RETAIN_SELF = YES;
				CLANG_WARN_OBJC_LITERAL_CONVERSION = YES;
				CLANG_WARN_OBJC_ROOT_CLASS = YES_ERROR;
				CLANG_WARN_QUOTED_INCLUDE_IN_FRAMEWORK_HEADER = YES;
				CLANG_WARN_RANGE_LOOP_ANALYSIS = YES;
				CLANG_WARN_STRICT_PROTOTYPES = YES;
				CLANG_WARN_SUSPICIOUS_MOVE = YES;
				CLANG_WARN_UNGUARDED_AVAILABILITY = YES_AGGRESSIVE;
				CLANG_WARN_UNREACHABLE_CODE = YES;
				CLANG_WARN__DUPLICATE_METHOD_MATCH = YES;
				COPY_PHASE_STRIP = NO;
				DEAD_CODE_STRIPPING = YES;
				DEBUG_INFORMATION_FORMAT = dwarf;
				ENABLE_STRICT_OBJC_MSGSEND = YES;
				ENABLE_TESTABILITY = YES;
				ENABLE_USER_SCRIPT_SANDBOXING = YES;
				GCC_C_LANGUAGE_STANDARD = gnu17;
				GCC_DYNAMIC_NO_PIC = NO;
				GCC_NO_COMMON_BLOCKS = YES;
				GCC_OPTIMIZATION_LEVEL = 0;
				GCC_PREPROCESSOR_DEFINITIONS = (
					"DEBUG=1",
					"$(inherited)",
				);
				GCC_WARN_64_TO_32_BIT_CONVERSION = YES;
				GCC_WARN_ABOUT_RETURN_TYPE = YES_ERROR;
				GCC_WARN_UNDECLARED_SELECTOR = YES;
				GCC_WARN_UNINITIALIZED_AUTOS = YES_AGGRESSIVE;
				GCC_WARN_UNUSED_FUNCTION = YES;
				GCC_WARN_UNUSED_VARIABLE = YES;
				LOCALIZATION_PREFERS_STRING_CATALOGS = YES;
				MACOSX_DEPLOYMENT_TARGET = 13.0;
				MTL_ENABLE_DEBUG_INFO = INCLUDE_SOURCE;
				MTL_FAST_MATH = YES;
				ONLY_ACTIVE_ARCH = YES;
				SDKROOT = macosx;
				STRING_CATALOG_GENERATE_SYMBOLS = YES;
				SWIFT_ACTIVE_COMPILATION_CONDITIONS = "DEBUG $(inherited)";
				SWIFT_OPTIMIZATION_LEVEL = "-Onone";
			};
			name = Debug;
		};
		AAA00111 /* Release */ = {
			isa = XCBuildConfiguration;
			buildSettings = {
				ALWAYS_SEARCH_USER_PATHS = NO;
				ASSETCATALOG_COMPILER_GENERATE_SWIFT_ASSET_SYMBOL_EXTENSIONS = YES;
				CLANG_ANALYZER_NONNULL = YES;
				CLANG_ANALYZER_NUMBER_OBJECT_CONVERSION = YES_AGGRESSIVE;
				CLANG_CXX_LANGUAGE_STANDARD = "gnu++20";
				CLANG_ENABLE_MODULES = YES;
				CLANG_ENABLE_OBJC_ARC = YES;
				CLANG_ENABLE_OBJC_WEAK = YES;
				CLANG_WARN_BLOCK_CAPTURE_AUTORELEASING = YES;
				CLANG_WARN_BOOL_CONVERSION = YES;
				CLANG_WARN_COMMA = YES;
				CLANG_WARN_CONSTANT_CONVERSION = YES;
				CLANG_WARN_DEPRECATED_OBJC_IMPLEMENTATIONS = YES;
				CLANG_WARN_DIRECT_OBJC_ISA_USAGE = YES_ERROR;
				CLANG_WARN_DOCUMENTATION_COMMENTS = YES;
				CLANG_WARN_EMPTY_BODY = YES;
				CLANG_WARN_ENUM_CONVERSION = YES;
				CLANG_WARN_INFINITE_RECURSION = YES;
				CLANG_WARN_INT_CONVERSION = YES;
				CLANG_WARN_NON_LITERAL_NULL_CONVERSION = YES;
				CLANG_WARN_OBJC_IMPLICIT_RETAIN_SELF = YES;
				CLANG_WARN_OBJC_LITERAL_CONVERSION = YES;
				CLANG_WARN_OBJC_ROOT_CLASS = YES_ERROR;
				CLANG_WARN_QUOTED_INCLUDE_IN_FRAMEWORK_HEADER = YES;
				CLANG_WARN_RANGE_LOOP_ANALYSIS = YES;
				CLANG_WARN_STRICT_PROTOTYPES = YES;
				CLANG_WARN_SUSPICIOUS_MOVE = YES;
				CLANG_WARN_UNGUARDED_AVAILABILITY = YES_AGGRESSIVE;
				CLANG_WARN_UNREACHABLE_CODE = YES;
				CLANG_WARN__DUPLICATE_METHOD_MATCH = YES;
				COPY_PHASE_STRIP = NO;
				DEAD_CODE_STRIPPING = YES;
				DEBUG_INFORMATION_FORMAT = "dwarf-with-dsym";
				ENABLE_NS_ASSERTIONS = NO;
				ENABLE_STRICT_OBJC_MSGSEND = YES;
				ENABLE_USER_SCRIPT_SANDBOXING = YES;
				GCC_C_LANGUAGE_STANDARD = gnu17;
				GCC_NO_COMMON_BLOCKS = YES;
				GCC_WARN_64_TO_32_BIT_CONVERSION = YES;
				GCC_WARN_ABOUT_RETURN_TYPE = YES_ERROR;
				GCC_WARN_UNDECLARED_SELECTOR = YES;
				GCC_WARN_UNINITIALIZED_AUTOS = YES_AGGRESSIVE;
				GCC_WARN_UNUSED_FUNCTION = YES;
				GCC_WARN_UNUSED_VARIABLE = YES;
				LOCALIZATION_PREFERS_STRING_CATALOGS = YES;
				MACOSX_DEPLOYMENT_TARGET = 13.0;
				MTL_ENABLE_DEBUG_INFO = NO;
				MTL_FAST_MATH = YES;
				SDKROOT = macosx;
				STRING_CATALOG_GENERATE_SYMBOLS = YES;
				SWIFT_COMPILATION_MODE = wholemodule;
			};
			name = Release;
		};
		AAA00120 /* Debug */ = {
			isa = XCBuildConfiguration;
			buildSettings = {
				ASSETCATALOG_COMPILER_APPICON_NAME = AppIcon;
				ASSETCATALOG_COMPILER_GLOBAL_ACCENT_COLOR_NAME = AccentColor;
				CODE_SIGN_ENTITLEMENTS = RingBreak/RingBreak.entitlements;
				CODE_SIGN_STYLE = Automatic;
				COMBINE_HIDPI_IMAGES = YES;
				CURRENT_PROJECT_VERSION = 1;
				DEAD_CODE_STRIPPING = YES;
				DEVELOPMENT_ASSET_PATHS = "";
				ENABLE_APP_SANDBOX = YES;
				ENABLE_HARDENED_RUNTIME = YES;
				ENABLE_PREVIEWS = YES;
				ENABLE_RESOURCE_ACCESS_BLUETOOTH = YES;
				ENABLE_RESOURCE_ACCESS_USB = YES;
				GENERATE_INFOPLIST_FILE = YES;
				INFOPLIST_FILE = RingBreak/Info.plist;
				INFOPLIST_KEY_LSApplicationCategoryType = "public.app-category.healthcare-fitness";
				INFOPLIST_KEY_NSHumanReadableCopyright = "Copyright © 2026 Yoav Farhi. All rights reserved.";
				LD_RUNPATH_SEARCH_PATHS = (
					"$(inherited)",
					"@executable_path/../Frameworks",
				);
				MARKETING_VERSION = 1.0;
				PRODUCT_BUNDLE_IDENTIFIER = app.ringbreak.RingBreak;
				PRODUCT_NAME = RingBreak;
				SWIFT_EMIT_LOC_STRINGS = YES;
				SWIFT_VERSION = 5.0;
			};
			name = Debug;
		};
		AAA00121 /* Release */ = {
			isa = XCBuildConfiguration;
			buildSettings = {
				ASSETCATALOG_COMPILER_APPICON_NAME = AppIcon;
				ASSETCATALOG_COMPILER_GLOBAL_ACCENT_COLOR_NAME = AccentColor;
				CODE_SIGN_ENTITLEMENTS = RingBreak/RingBreak.entitlements;
				CODE_SIGN_STYLE = Automatic;
				COMBINE_HIDPI_IMAGES = YES;
				CURRENT_PROJECT_VERSION = 1;
				DEAD_CODE_STRIPPING = YES;
				DEVELOPMENT_ASSET_PATHS = "";
				ENABLE_APP_SANDBOX = YES;
				ENABLE_HARDENED_RUNTIME = YES;
				ENABLE_PREVIEWS = YES;
				ENABLE_RESOURCE_ACCESS_BLUETOOTH = YES;
				ENABLE_RESOURCE_ACCESS_USB = YES;
				GENERATE_INFOPLIST_FILE = YES;
				INFOPLIST_FILE = RingBreak/Info.plist;
				INFOPLIST_KEY_LSApplicationCategoryType = "public.app-category.healthcare-fitness";
				INFOPLIST_KEY_NSHumanReadableCopyright = "Copyright © 2026 Yoav Farhi. All rights reserved.";
				LD_RUNPATH_SEARCH_PATHS = (
					"$(inherited)",
					"@executable_path/../Frameworks",
				);
				MARKETING_VERSION = 1.0;
				PRODUCT_BUNDLE_IDENTIFIER = app.ringbreak.RingBreak;
				PRODUCT_NAME = RingBreak;
				SWIFT_EMIT_LOC_STRINGS = YES;
				SWIFT_VERSION = 5.0;
			};
			name = Release;
		};
/* End XCBuildConfiguration section */

/* Begin XCConfigurationList section */
		AAA000C0 /* Build configuration list for PBXNativeTarget "RingBreak" */ = {
			isa = XCConfigurationList;
			buildConfigurations = (
				AAA00120 /* Debug */,
				AAA00121 /* Release */,
			);
			defaultConfigurationIsVisible = 0;
			defaultConfigurationName = Release;
		};
		AAA00100 /* Build configuration list for PBXProject "RingBreak" */ = {
			isa = XCConfigurationList;
			buildConfigurations = (
				AAA00110 /* Debug */,
				AAA00111 /* Release */,
			);
			defaultConfigurationIsVisible = 0;
			defaultConfigurationName = Release;
		};
/* End XCConfigurationList section */
	};
	rootObject = AAA000F0 /* Project object */;
}
